
Microsoft Visual Studio Solution File, Format Version 12.00
# Visual Studio Version 17
VisualStudioVersion = 17.2.32519.379
MinimumVisualStudioVersion = 10.0.40219.1
Project("{FAE04EC0-301F-11D3-BF4B-00C04F79EFBC}") = "DanaCrawler", "DanaCrawler\DanaCrawler.csproj", "{88E556F4-C0B8-462C-BFB4-DAAEC2878508}"
EndProject
Global
	GlobalSection(SolutionConfigurationPlatforms) = preSolution
		Debug|Any CPU = Debug|Any CPU
		Release|Any CPU = Release|Any CPU
	EndGlobalSection
	GlobalSection(ProjectConfigurationPlatforms) = postSolution
		{88E556F4-C0B8-462C-BFB4-DAAEC2878508}.Debug|Any CPU.ActiveCfg = Debug|Any CPU
		{88E556F4-C0B8-462C-BFB4-DAAEC2878508}.Debug|Any CPU.Build.0 = Debug|Any CPU
		{88E556F4-C0B8-462C-BFB4-DAAEC2878508}.Release|Any CPU.ActiveCfg = Release|Any CPU
		{88E556F4-C0B8-462C-BFB4-DAAEC2878508}.Release|Any CPU.Build.0 = Release|Any CPU
	EndGlobalSection
	GlobalSection(SolutionProperties) = preSolution
		HideSolutionNode = FALSE
	EndGlobalSection
	GlobalSection(ExtensibilityGlobals) = postSolution
		SolutionGuid = {41B10C21-D990-425F-9D9A-B4827781FBB3}
	EndGlobalSection
EndGlobal
